
Microsoft Visual Studio Solution File, Format Version 12.00
# Visual Studio Version 16
VisualStudioVersion = 16.0.31624.102
MinimumVisualStudioVersion = 10.0.40219.1
Project("{FAE04EC0-301F-11D3-BF4B-00C04F79EFBC}") = "Open_Source_GameEngine14", "Open_Source_GameEngine14\Open_Source_GameEngine14.csproj", "{F1E825C4-8F71-49E4-889D-BE936B28A7EC}"
EndProject
Global
	GlobalSection(SolutionConfigurationPlatforms) = preSolution
		Debug|Any CPU = Debug|Any CPU
		Release|Any CPU = Release|Any CPU
	EndGlobalSection
	GlobalSection(ProjectConfigurationPlatforms) = postSolution
		{F1E825C4-8F71-49E4-889D-BE936B28A7EC}.Debug|Any CPU.ActiveCfg = Debug|Any CPU
		{F1E825C4-8F71-49E4-889D-BE936B28A7EC}.Debug|Any CPU.Build.0 = Debug|Any CPU
		{F1E825C4-8F71-49E4-889D-BE936B28A7EC}.Release|Any CPU.ActiveCfg = Release|Any CPU
		{F1E825C4-8F71-49E4-889D-BE936B28A7EC}.Release|Any CPU.Build.0 = Release|Any CPU
	EndGlobalSection
	GlobalSection(SolutionProperties) = preSolution
		HideSolutionNode = FALSE
	EndGlobalSection
	GlobalSection(ExtensibilityGlobals) = postSolution
		SolutionGuid = {C96FC6BF-9CB9-4EFD-9313-46A529E9169E}
	EndGlobalSection
EndGlobal
